
Microsoft Visual Studio Solution File, Format Version 12.00
# Visual Studio Version 17
VisualStudioVersion = 17.14.36518.9 d17.14
MinimumVisualStudioVersion = 10.0.40219.1
Project("{FAE04EC0-301F-11D3-BF4B-00C04F79EFBC}") = "КТ4", "КТ4\КТ4.csproj", "{C8380E73-90C0-4179-A26F-D763D2F46CDF}"
EndProject
Global
	GlobalSection(SolutionConfigurationPlatforms) = preSolution
		Debug|Any CPU = Debug|Any CPU
		Release|Any CPU = Release|Any CPU
	EndGlobalSection
	GlobalSection(ProjectConfigurationPlatforms) = postSolution
		{C8380E73-90C0-4179-A26F-D763D2F46CDF}.Debug|Any CPU.ActiveCfg = Debug|Any CPU
		{C8380E73-90C0-4179-A26F-D763D2F46CDF}.Debug|Any CPU.Build.0 = Debug|Any CPU
		{C8380E73-90C0-4179-A26F-D763D2F46CDF}.Release|Any CPU.ActiveCfg = Release|Any CPU
		{C8380E73-90C0-4179-A26F-D763D2F46CDF}.Release|Any CPU.Build.0 = Release|Any CPU
	EndGlobalSection
	GlobalSection(SolutionProperties) = preSolution
		HideSolutionNode = FALSE
	EndGlobalSection
	GlobalSection(ExtensibilityGlobals) = postSolution
		SolutionGuid = {2F79B1AA-8C14-4A55-9D56-A0B8210485EB}
	EndGlobalSection
EndGlobal
