
Microsoft Visual Studio Solution File, Format Version 12.00
# Visual Studio Version 17
VisualStudioVersion = 17.14.36518.9 d17.14
MinimumVisualStudioVersion = 10.0.40219.1
Project("{FAE04EC0-301F-11D3-BF4B-00C04F79EFBC}") = "КТ3", "КТ3\КТ3.csproj", "{8A46BB0A-0A14-4088-A405-DB685456FA67}"
EndProject
Global
	GlobalSection(SolutionConfigurationPlatforms) = preSolution
		Debug|Any CPU = Debug|Any CPU
		Release|Any CPU = Release|Any CPU
	EndGlobalSection
	GlobalSection(ProjectConfigurationPlatforms) = postSolution
		{8A46BB0A-0A14-4088-A405-DB685456FA67}.Debug|Any CPU.ActiveCfg = Debug|Any CPU
		{8A46BB0A-0A14-4088-A405-DB685456FA67}.Debug|Any CPU.Build.0 = Debug|Any CPU
		{8A46BB0A-0A14-4088-A405-DB685456FA67}.Release|Any CPU.ActiveCfg = Release|Any CPU
		{8A46BB0A-0A14-4088-A405-DB685456FA67}.Release|Any CPU.Build.0 = Release|Any CPU
	EndGlobalSection
	GlobalSection(SolutionProperties) = preSolution
		HideSolutionNode = FALSE
	EndGlobalSection
	GlobalSection(ExtensibilityGlobals) = postSolution
		SolutionGuid = {7F3D285F-B7C0-4833-8650-C961C284A5E2}
	EndGlobalSection
EndGlobal
